
Microsoft Visual Studio Solution File, Format Version 12.00
# Visual Studio Version 17
VisualStudioVersion = 17.11.35312.102
MinimumVisualStudioVersion = 10.0.40219.1
Project("{FAE04EC0-301F-11D3-BF4B-00C04F79EFBC}") = "BalonProje", "BalonProje\BalonProje.csproj", "{1692E949-B205-447C-A59B-522BED2AC7CA}"
EndProject
Global
	GlobalSection(SolutionConfigurationPlatforms) = preSolution
		Debug|Any CPU = Debug|Any CPU
		Debug|x64 = Debug|x64
		Release|Any CPU = Release|Any CPU
		Release|x64 = Release|x64
	EndGlobalSection
	GlobalSection(ProjectConfigurationPlatforms) = postSolution
		{1692E949-B205-447C-A59B-522BED2AC7CA}.Debug|Any CPU.ActiveCfg = Debug|Any CPU
		{1692E949-B205-447C-A59B-522BED2AC7CA}.Debug|Any CPU.Build.0 = Debug|Any CPU
		{1692E949-B205-447C-A59B-522BED2AC7CA}.Debug|x64.ActiveCfg = Debug|x64
		{1692E949-B205-447C-A59B-522BED2AC7CA}.Debug|x64.Build.0 = Debug|x64
		{1692E949-B205-447C-A59B-522BED2AC7CA}.Release|Any CPU.ActiveCfg = Release|Any CPU
		{1692E949-B205-447C-A59B-522BED2AC7CA}.Release|Any CPU.Build.0 = Release|Any CPU
		{1692E949-B205-447C-A59B-522BED2AC7CA}.Release|x64.ActiveCfg = Release|x64
		{1692E949-B205-447C-A59B-522BED2AC7CA}.Release|x64.Build.0 = Release|x64
	EndGlobalSection
	GlobalSection(SolutionProperties) = preSolution
		HideSolutionNode = FALSE
	EndGlobalSection
	GlobalSection(ExtensibilityGlobals) = postSolution
		SolutionGuid = {2E3CA8E5-E639-4F54-B984-674E4243F483}
	EndGlobalSection
EndGlobal
